// !$*UTF8*$!
{
	archiveVersion = 1;
	classes = {
	};
	objectVersion = 50;
	objects = {

/* Begin PBXBuildFile section */
		A7BBD83225A3A56C00FA02CE /* AppDelegate.m in Sources */ = {isa = PBXBuildFile; fileRef = A7BBD83125A3A56C00FA02CE /* AppDelegate.m */; };
		A7BBD83525A3A56C00FA02CE /* SceneDelegate.m in Sources */ = {isa = PBXBuildFile; fileRef = A7BBD83425A3A56C00FA02CE /* SceneDelegate.m */; };
		A7BBD83825A3A56C00FA02CE /* ViewController.m in Sources */ = {isa = PBXBuildFile; fileRef = A7BBD83725A3A56C00FA02CE /* ViewController.m */; };
		A7BBD83B25A3A56C00FA02CE /* Main.storyboard in Resources */ = {isa = PBXBuildFile; fileRef = A7BBD83925A3A56C00FA02CE /* Main.storyboard */; };
		A7BBD83D25A3A57700FA02CE /* Assets.xcassets in Resources */ = {isa = PBXBuildFile; fileRef = A7BBD83C25A3A57700FA02CE /* Assets.xcassets */; };
		A7BBD84025A3A57700FA02CE /* LaunchScreen.storyboard in Resources */ = {isa = PBXBuildFile; fileRef = A7BBD83E25A3A57700FA02CE /* LaunchScreen.storyboard */; };
		A7BBD84325A3A57700FA02CE /* main.m in Sources */ = {isa = PBXBuildFile; fileRef = A7BBD84225A3A57700FA02CE /* main.m */; };
		AD0476B02DCCCD585E9C779E /* Pods_peerReviewThree.framework in Frameworks */ = {isa = PBXBuildFile; fileRef = 22D8686540FA0AFB19B16379 /* Pods_peerReviewThree.framework */; };
/* End PBXBuildFile section */

/* Begin PBXFileReference section */
		029BC5603A74E20EFB162854 /* Pods-peerReviewThree.release.xcconfig */ = {isa = PBXFileReference; includeInIndex = 1; lastKnownFileType = text.xcconfig; name = "Pods-peerReviewThree.release.xcconfig"; path = "Target Support Files/Pods-peerReviewThree/Pods-peerReviewThree.release.xcconfig"; sourceTree = "<group>"; };
		22D8686540FA0AFB19B16379 /* Pods_peerReviewThree.framework */ = {isa = PBXFileReference; explicitFileType = wrapper.framework; includeInIndex = 0; path = Pods_peerReviewThree.framework; sourceTree = BUILT_PRODUCTS_DIR; };
		6545BBF3A56AE11B9154DA25 /* Pods-peerReviewThree.debug.xcconfig */ = {isa = PBXFileReference; includeInIndex = 1; lastKnownFileType = text.xcconfig; name = "Pods-peerReviewThree.debug.xcconfig"; path = "Target Support Files/Pods-peerReviewThree/Pods-peerReviewThree.debug.xcconfig"; sourceTree = "<group>"; };
		A7BBD82D25A3A56C00FA02CE /* peerReviewThree.app */ = {isa = PBXFileReference; explicitFileType = wrapper.application; includeInIndex = 0; path = peerReviewThree.app; sourceTree = BUILT_PRODUCTS_DIR; };
		A7BBD83025A3A56C00FA02CE /* AppDelegate.h */ = {isa = PBXFileReference; lastKnownFileType = sourcecode.c.h; path = AppDelegate.h; sourceTree = "<group>"; };
		A7BBD83125A3A56C00FA02CE /* AppDelegate.m */ = {isa = PBXFileReference; lastKnownFileType = sourcecode.c.objc; path = AppDelegate.m; sourceTree = "<group>"; };
		A7BBD83325A3A56C00FA02CE /* SceneDelegate.h */ = {isa = PBXFileReference; lastKnownFileType = sourcecode.c.h; path = SceneDelegate.h; sourceTree = "<group>"; };
		A7BBD83425A3A56C00FA02CE /* SceneDelegate.m */ = {isa = PBXFileReference; lastKnownFileType = sourcecode.c.objc; path = SceneDelegate.m; sourceTree = "<group>"; };
		A7BBD83625A3A56C00FA02CE /* ViewController.h */ = {isa = PBXFileReference; lastKnownFileType = sourcecode.c.h; path = ViewController.h; sourceTree = "<group>"; };
		A7BBD83725A3A56C00FA02CE /* ViewController.m */ = {isa = PBXFileReference; lastKnownFileType = sourcecode.c.objc; path = ViewController.m; sourceTree = "<group>"; };
		A7BBD83A25A3A56C00FA02CE /* Base */ = {isa = PBXFileReference; lastKnownFileType = file.storyboard; name = Base; path = Base.lproj/Main.storyboard; sourceTree = "<group>"; };
		A7BBD83C25A3A57700FA02CE /* Assets.xcassets */ = {isa = PBXFileReference; lastKnownFileType = folder.assetcatalog; path = Assets.xcassets; sourceTree = "<group>"; };
		A7BBD83F25A3A57700FA02CE /* Base */ = {isa = PBXFileReference; lastKnownFileType = file.storyboard; name = Base; path = Base.lproj/LaunchScreen.storyboard; sourceTree = "<group>"; };
		A7BBD84125A3A57700FA02CE /* Info.plist */ = {isa = PBXFileReference; lastKnownFileType = text.plist.xml; path = Info.plist; sourceTree = "<group>"; };
		A7BBD84225A3A57700FA02CE /* main.m */ = {isa = PBXFileReference; lastKnownFileType = sourcecode.c.objc; path = main.m; sourceTree = "<group>"; };
/* End PBXFileReference section */

/* Begin PBXFrameworksBuildPhase section */
		A7BBD82A25A3A56C00FA02CE /* Frameworks */ = {
			isa = PBXFrameworksBuildPhase;
			buildActionMask = 2147483647;
			files = (
				AD0476B02DCCCD585E9C779E /* Pods_peerReviewThree.framework in Frameworks */,
			);
			runOnlyForDeploymentPostprocessing = 0;
		};
/* End PBXFrameworksBuildPhase section */

/* Begin PBXGroup section */
		83EB1820878939A903F50FCF /* Pods */ = {
			isa = PBXGroup;
			children = (
				6545BBF3A56AE11B9154DA25 /* Pods-peerReviewThree.debug.xcconfig */,
				029BC5603A74E20EFB162854 /* Pods-peerReviewThree.release.xcconfig */,
			);
			name = Pods;
			path = Pods;
			sourceTree = "<group>";
		};
		8D56E0AB09043F996654EC57 /* Frameworks */ = {
			isa = PBXGroup;
			children = (
				22D8686540FA0AFB19B16379 /* Pods_peerReviewThree.framework */,
			);
			name = Frameworks;
			sourceTree = "<group>";
		};
		A7BBD82425A3A56B00FA02CE = {
			isa = PBXGroup;
			children = (
				A7BBD82F25A3A56C00FA02CE /* peerReviewThree */,
				A7BBD82E25A3A56C00FA02CE /* Products */,
				83EB1820878939A903F50FCF /* Pods */,
				8D56E0AB09043F996654EC57 /* Frameworks */,
			);
			sourceTree = "<group>";
		};
		A7BBD82E25A3A56C00FA02CE /* Products */ = {
			isa = PBXGroup;
			children = (
				A7BBD82D25A3A56C00FA02CE /* peerReviewThree.app */,
			);
			name = Products;
			sourceTree = "<group>";
		};
		A7BBD82F25A3A56C00FA02CE /* peerReviewThree */ = {
			isa = PBXGroup;
			children = (
				A7BBD83025A3A56C00FA02CE /* AppDelegate.h */,
				A7BBD83125A3A56C00FA02CE /* AppDelegate.m */,
				A7BBD83325A3A56C00FA02CE /* SceneDelegate.h */,
				A7BBD83425A3A56C00FA02CE /* SceneDelegate.m */,
				A7BBD83625A3A56C00FA02CE /* ViewController.h */,
				A7BBD83725A3A56C00FA02CE /* ViewController.m */,
				A7BBD83925A3A56C00FA02CE /* Main.storyboard */,
				A7BBD83C25A3A57700FA02CE /* Assets.xcassets */,
				A7BBD83E25A3A57700FA02CE /* LaunchScreen.storyboard */,
				A7BBD84125A3A57700FA02CE /* Info.plist */,
				A7BBD84225A3A57700FA02CE /* main.m */,
			);
			path = peerReviewThree;
			sourceTree = "<group>";
		};
/* End PBXGroup section */

/* Begin PBXNativeTarget section */
		A7BBD82C25A3A56C00FA02CE /* peerReviewThree */ = {
			isa = PBXNativeTarget;
			buildConfigurationList = A7BBD84625A3A57700FA02CE /* Build configuration list for PBXNativeTarget "peerReviewThree" */;
			buildPhases = (
				D01B38C387DD2CEA8825B3B9 /* [CP] Check Pods Manifest.lock */,
				A7BBD82925A3A56C00FA02CE /* Sources */,
				A7BBD82A25A3A56C00FA02CE /* Frameworks */,
				A7BBD82B25A3A56C00FA02CE /* Resources */,
				0C601514ADDBF2A8DFEF39D6 /* [CP] Embed Pods Frameworks */,
			);
			buildRules = (
			);
			dependencies = (
			);
			name = peerReviewThree;
			productName = peerReviewThree;
			productReference = A7BBD82D25A3A56C00FA02CE /* peerReviewThree.app */;
			productType = "com.apple.product-type.application";
		};
/* End PBXNativeTarget section */

/* Begin PBXProject section */
		A7BBD82525A3A56B00FA02CE /* Project object */ = {
			isa = PBXProject;
			attributes = {
				LastUpgradeCheck = 1230;
				TargetAttributes = {
					A7BBD82C25A3A56C00FA02CE = {
						CreatedOnToolsVersion = 12.3;
					};
				};
			};
			buildConfigurationList = A7BBD82825A3A56B00FA02CE /* Build configuration list for PBXProject "peerReviewThree" */;
			compatibilityVersion = "Xcode 9.3";
			developmentRegion = en;
			hasScannedForEncodings = 0;
			knownRegions = (
				en,
				Base,
			);
			mainGroup = A7BBD82425A3A56B00FA02CE;
			productRefGroup = A7BBD82E25A3A56C00FA02CE /* Products */;
			projectDirPath = "";
			projectRoot = "";
			targets = (
				A7BBD82C25A3A56C00FA02CE /* peerReviewThree */,
			);
		};
/* End PBXProject section */

/* Begin PBXResourcesBuildPhase section */
		A7BBD82B25A3A56C00FA02CE /* Resources */ = {
			isa = PBXResourcesBuildPhase;
			buildActionMask = 2147483647;
			files = (
				A7BBD84025A3A57700FA02CE /* LaunchScreen.storyboard in Resources */,
				A7BBD83D25A3A57700FA02CE /* Assets.xcassets in Resources */,
				A7BBD83B25A3A56C00FA02CE /* Main.storyboard in Resources */,
			);
			runOnlyForDeploymentPostprocessing = 0;
		};
/* End PBXResourcesBuildPhase section */

/* Begin PBXShellScriptBuildPhase section */
		0C601514ADDBF2A8DFEF39D6 /* [CP] Embed Pods Frameworks */ = {
			isa = PBXShellScriptBuildPhase;
			buildActionMask = 2147483647;
			files = (
			);
			inputFileListPaths = (
				"${PODS_ROOT}/Target Support Files/Pods-peerReviewThree/Pods-peerReviewThree-frameworks-${CONFIGURATION}-input-files.xcfilelist",
			);
			name = "[CP] Embed Pods Frameworks";
			outputFileListPaths = (
				"${PODS_ROOT}/Target Support Files/Pods-peerReviewThree/Pods-peerReviewThree-frameworks-${CONFIGURATION}-output-files.xcfilelist",
			);
			runOnlyForDeploymentPostprocessing = 0;
			shellPath = /bin/sh;
			shellScript = "\"${PODS_ROOT}/Target Support Files/Pods-peerReviewThree/Pods-peerReviewThree-frameworks.sh\"\n";
			showEnvVarsInLog = 0;
		};
		D01B38C387DD2CEA8825B3B9 /* [CP] Check Pods Manifest.lock */ = {
			isa = PBXShellScriptBuildPhase;
			buildActionMask = 2147483647;
			files = (
			);
			inputFileListPaths = (
			);
			inputPaths = (
				"${PODS_PODFILE_DIR_PATH}/Podfile.lock",
				"${PODS_ROOT}/Manifest.lock",
			);
			name = "[CP] Check Pods Manifest.lock";
			outputFileListPaths = (
			);
			outputPaths = (
				"$(DERIVED_FILE_DIR)/Pods-peerReviewThree-checkManifestLockResult.txt",
			);
			runOnlyForDeploymentPostprocessing = 0;
			shellPath = /bin/sh;
			shellScript = "diff \"${PODS_PODFILE_DIR_PATH}/Podfile.lock\" \"${PODS_ROOT}/Manifest.lock\" > /dev/null\nif [ $? != 0 ] ; then\n    # print error to STDERR\n    echo \"error: The sandbox is not in sync with the Podfile.lock. Run 'pod install' or update your CocoaPods installation.\" >&2\n    exit 1\nfi\n# This output is used by Xcode 'outputs' to avoid re-running this script phase.\necho \"SUCCESS\" > \"${SCRIPT_OUTPUT_FILE_0}\"\n";
			showEnvVarsInLog = 0;
		};
/* End PBXShellScriptBuildPhase section */

/* Begin PBXSourcesBuildPhase section */
		A7BBD82925A3A56C00FA02CE /* Sources */ = {
			isa = PBXSourcesBuildPhase;
			buildActionMask = 2147483647;
			files = (
				A7BBD83825A3A56C00FA02CE /* ViewController.m in Sources */,
				A7BBD83225A3A56C00FA02CE /* AppDelegate.m in Sources */,
				A7BBD84325A3A57700FA02CE /* main.m in Sources */,
				A7BBD83525A3A56C00FA02CE /* SceneDelegate.m in Sources */,
			);
			runOnlyForDeploymentPostprocessing = 0;
		};
/* End PBXSourcesBuildPhase section */

/* Begin PBXVariantGroup section */
		A7BBD83925A3A56C00FA02CE /* Main.storyboard */ = {
			isa = PBXVariantGroup;
			children = (
				A7BBD83A25A3A56C00FA02CE /* Base */,
			);
			name = Main.storyboard;
			sourceTree = "<group>";
		};
		A7BBD83E25A3A57700FA02CE /* LaunchScreen.storyboard */ = {
			isa = PBXVariantGroup;
			children = (
				A7BBD83F25A3A57700FA02CE /* Base */,
			);
			name = LaunchScreen.storyboard;
			sourceTree = "<group>";
		};
/* End PBXVariantGroup section */

/* Begin XCBuildConfiguration section */
		A7BBD84425A3A57700FA02CE /* Debug */ = {
			isa = XCBuildConfiguration;
			buildSettings = {
				ALWAYS_SEARCH_USER_PATHS = NO;
				CLANG_ANALYZER_NONNULL = YES;
				CLANG_ANALYZER_NUMBER_OBJECT_CONVERSION = YES_AGGRESSIVE;
				CLANG_CXX_LANGUAGE_STANDARD = "gnu++14";
				CLANG_CXX_LIBRARY = "libc++";
				CLANG_ENABLE_MODULES = YES;
				CLANG_ENABLE_OBJC_ARC = YES;
				CLANG_ENABLE_OBJC_WEAK = YES;
				CLANG_WARN_BLOCK_CAPTURE_AUTORELEASING = YES;
				CLANG_WARN_BOOL_CONVERSION = YES;
				CLANG_WARN_COMMA = YES;
				CLANG_WARN_CONSTANT_CONVERSION = YES;
				CLANG_WARN_DEPRECATED_OBJC_IMPLEMENTATIONS = YES;
				CLANG_WARN_DIRECT_OBJC_ISA_USAGE = YES_ERROR;
				CLANG_WARN_DOCUMENTATION_COMMENTS = YES;
				CLANG_WARN_EMPTY_BODY = YES;
				CLANG_WARN_ENUM_CONVERSION = YES;
				CLANG_WARN_INFINITE_RECURSION = YES;
				CLANG_WARN_INT_CONVERSION = YES;
				CLANG_WARN_NON_LITERAL_NULL_CONVERSION = YES;
				CLANG_WARN_OBJC_IMPLICIT_RETAIN_SELF = YES;
				CLANG_WARN_OBJC_LITERAL_CONVERSION = YES;
				CLANG_WARN_OBJC_ROOT_CLASS = YES_ERROR;
				CLANG_WARN_QUOTED_INCLUDE_IN_FRAMEWORK_HEADER = YES;
				CLANG_WARN_RANGE_LOOP_ANALYSIS = YES;
				CLANG_WARN_STRICT_PROTOTYPES = YES;
				CLANG_WARN_SUSPICIOUS_MOVE = YES;
				CLANG_WARN_UNGUARDED_AVAILABILITY = YES_AGGRESSIVE;
				CLANG_WARN_UNREACHABLE_CODE = YES;
				CLANG_WARN__DUPLICATE_METHOD_MATCH = YES;
				COPY_PHASE_STRIP = NO;
				DEBUG_INFORMATION_FORMAT = dwarf;
				ENABLE_STRICT_OBJC_MSGSEND = YES;
				ENABLE_TESTABILITY = YES;
				GCC_C_LANGUAGE_STANDARD = gnu11;
				GCC_DYNAMIC_NO_PIC = NO;
				GCC_NO_COMMON_BLOCKS = YES;
				GCC_OPTIMIZATION_LEVEL = 0;
				GCC_PREPROCESSOR_DEFINITIONS = (
					"DEBUG=1",
					"$(inherited)",
				);
				GCC_WARN_64_TO_32_BIT_CONVERSION = YES;
				GCC_WARN_ABOUT_RETURN_TYPE = YES_ERROR;
				GCC_WARN_UNDECLARED_SELECTOR = YES;
				GCC_WARN_UNINITIALIZED_AUTOS = YES_AGGRESSIVE;
				GCC_WARN_UNUSED_FUNCTION = YES;
				GCC_WARN_UNUSED_VARIABLE = YES;
				IPHONEOS_DEPLOYMENT_TARGET = 14.3;
				MTL_ENABLE_DEBUG_INFO = INCLUDE_SOURCE;
				MTL_FAST_MATH = YES;
				ONLY_ACTIVE_ARCH = YES;
				SDKROOT = iphoneos;
			};
			name = Debug;
		};
		A7BBD84525A3A57700FA02CE /* Release */ = {
			isa = XCBuildConfiguration;
			buildSettings = {
				ALWAYS_SEARCH_USER_PATHS = NO;
				CLANG_ANALYZER_NONNULL = YES;
				CLANG_ANALYZER_NUMBER_OBJECT_CONVERSION = YES_AGGRESSIVE;
				CLANG_CXX_LANGUAGE_STANDARD = "gnu++14";
				CLANG_CXX_LIBRARY = "libc++";
				CLANG_ENABLE_MODULES = YES;
				CLANG_ENABLE_OBJC_ARC = YES;
				CLANG_ENABLE_OBJC_WEAK = YES;
				CLANG_WARN_BLOCK_CAPTURE_AUTORELEASING = YES;
				CLANG_WARN_BOOL_CONVERSION = YES;
				CLANG_WARN_COMMA = YES;
				CLANG_WARN_CONSTANT_CONVERSION = YES;
				CLANG_WARN_DEPRECATED_OBJC_IMPLEMENTATIONS = YES;
				CLANG_WARN_DIRECT_OBJC_ISA_USAGE = YES_ERROR;
				CLANG_WARN_DOCUMENTATION_COMMENTS = YES;
				CLANG_WARN_EMPTY_BODY = YES;
				CLANG_WARN_ENUM_CONVERSION = YES;
				CLANG_WARN_INFINITE_RECURSION = YES;
				CLANG_WARN_INT_CONVERSION = YES;
				CLANG_WARN_NON_LITERAL_NULL_CONVERSION = YES;
				CLANG_WARN_OBJC_IMPLICIT_RETAIN_SELF = YES;
				CLANG_WARN_OBJC_LITERAL_CONVERSION = YES;
				CLANG_WARN_OBJC_ROOT_CLASS = YES_ERROR;
				CLANG_WARN_QUOTED_INCLUDE_IN_FRAMEWORK_HEADER = YES;
				CLANG_WARN_RANGE_LOOP_ANALYSIS = YES;
				CLANG_WARN_STRICT_PROTOTYPES = YES;
				CLANG_WARN_SUSPICIOUS_MOVE = YES;
				CLANG_WARN_UNGUARDED_AVAILABILITY = YES_AGGRESSIVE;
				CLANG_WARN_UNREACHABLE_CODE = YES;
				CLANG_WARN__DUPLICATE_METHOD_MATCH = YES;
				COPY_PHASE_STRIP = NO;
				DEBUG_INFORMATION_FORMAT = "dwarf-with-dsym";
				ENABLE_NS_ASSERTIONS = NO;
				ENABLE_STRICT_OBJC_MSGSEND = YES;
				GCC_C_LANGUAGE_STANDARD = gnu11;
				GCC_NO_COMMON_BLOCKS = YES;
				GCC_WARN_64_TO_32_BIT_CONVERSION = YES;
				GCC_WARN_ABOUT_RETURN_TYPE = YES_ERROR;
				GCC_WARN_UNDECLARED_SELECTOR = YES;
				GCC_WARN_UNINITIALIZED_AUTOS = YES_AGGRESSIVE;
				GCC_WARN_UNUSED_FUNCTION = YES;
				GCC_WARN_UNUSED_VARIABLE = YES;
				IPHONEOS_DEPLOYMENT_TARGET = 14.3;
				MTL_ENABLE_DEBUG_INFO = NO;
				MTL_FAST_MATH = YES;
				SDKROOT = iphoneos;
				VALIDATE_PRODUCT = YES;
			};
			name = Release;
		};
		A7BBD84725A3A57700FA02CE /* Debug */ = {
			isa = XCBuildConfiguration;
			baseConfigurationReference = 6545BBF3A56AE11B9154DA25 /* Pods-peerReviewThree.debug.xcconfig */;
			buildSettings = {
				ASSETCATALOG_COMPILER_APPICON_NAME = AppIcon;
				ASSETCATALOG_COMPILER_GLOBAL_ACCENT_COLOR_NAME = AccentColor;
				CODE_SIGN_STYLE = Automatic;
				DEVELOPMENT_TEAM = AQ2BZ7VS5G;
				INFOPLIST_FILE = peerReviewThree/Info.plist;
				LD_RUNPATH_SEARCH_PATHS = (
					"$(inherited)",
					"@executable_path/Frameworks",
				);
				PRODUCT_BUNDLE_IDENTIFIER = iskasem.peerReviewThree;
				PRODUCT_NAME = "$(TARGET_NAME)";
				TARGETED_DEVICE_FAMILY = "1,2";
			};
			name = Debug;
		};
		A7BBD84825A3A57700FA02CE /* Release */ = {
			isa = XCBuildConfiguration;
			baseConfigurationReference = 029BC5603A74E20EFB162854 /* Pods-peerReviewThree.release.xcconfig */;
			buildSettings = {
				ASSETCATALOG_COMPILER_APPICON_NAME = AppIcon;
				ASSETCATALOG_COMPILER_GLOBAL_ACCENT_COLOR_NAME = AccentColor;
				CODE_SIGN_STYLE = Automatic;
				DEVELOPMENT_TEAM = AQ2BZ7VS5G;
				INFOPLIST_FILE = peerReviewThree/Info.plist;
				LD_RUNPATH_SEARCH_PATHS = (
					"$(inherited)",
					"@executable_path/Frameworks",
				);
				PRODUCT_BUNDLE_IDENTIFIER = iskasem.peerReviewThree;
				PRODUCT_NAME = "$(TARGET_NAME)";
				TARGETED_DEVICE_FAMILY = "1,2";
			};
			name = Release;
		};
/* End XCBuildConfiguration section */

/* Begin XCConfigurationList section */
		A7BBD82825A3A56B00FA02CE /* Build configuration list for PBXProject "peerReviewThree" */ = {
			isa = XCConfigurationList;
			buildConfigurations = (
				A7BBD84425A3A57700FA02CE /* Debug */,
				A7BBD84525A3A57700FA02CE /* Release */,
			);
			defaultConfigurationIsVisible = 0;
			defaultConfigurationName = Release;
		};
		A7BBD84625A3A57700FA02CE /* Build configuration list for PBXNativeTarget "peerReviewThree" */ = {
			isa = XCConfigurationList;
			buildConfigurations = (
				A7BBD84725A3A57700FA02CE /* Debug */,
				A7BBD84825A3A57700FA02CE /* Release */,
			);
			defaultConfigurationIsVisible = 0;
			defaultConfigurationName = Release;
		};
/* End XCConfigurationList section */
	};
	rootObject = A7BBD82525A3A56B00FA02CE /* Project object */;
}
